
Microsoft Visual Studio Solution File, Format Version 12.00
# Visual Studio Version 16
VisualStudioVersion = 16.0.31729.503
MinimumVisualStudioVersion = 10.0.40219.1
Project("{FAE04EC0-301F-11D3-BF4B-00C04F79EFBC}") = "WinFormsApp2", "WinFormsApp2.csproj", "{B40ADD70-90E0-43A6-840A-F5871F5F4787}"
EndProject
Project("{FAE04EC0-301F-11D3-BF4B-00C04F79EFBC}") = "figure", "..\figure\figure.csproj", "{478AEA98-7CC5-41BF-94BD-BCEAEAE1AF82}"
EndProject
Global
	GlobalSection(SolutionConfigurationPlatforms) = preSolution
		Debug|Any CPU = Debug|Any CPU
		Release|Any CPU = Release|Any CPU
	EndGlobalSection
	GlobalSection(ProjectConfigurationPlatforms) = postSolution
		{B40ADD70-90E0-43A6-840A-F5871F5F4787}.Debug|Any CPU.ActiveCfg = Debug|Any CPU
		{B40ADD70-90E0-43A6-840A-F5871F5F4787}.Debug|Any CPU.Build.0 = Debug|Any CPU
		{B40ADD70-90E0-43A6-840A-F5871F5F4787}.Release|Any CPU.ActiveCfg = Release|Any CPU
		{B40ADD70-90E0-43A6-840A-F5871F5F4787}.Release|Any CPU.Build.0 = Release|Any CPU
		{478AEA98-7CC5-41BF-94BD-BCEAEAE1AF82}.Debug|Any CPU.ActiveCfg = Debug|Any CPU
		{478AEA98-7CC5-41BF-94BD-BCEAEAE1AF82}.Debug|Any CPU.Build.0 = Debug|Any CPU
		{478AEA98-7CC5-41BF-94BD-BCEAEAE1AF82}.Release|Any CPU.ActiveCfg = Release|Any CPU
		{478AEA98-7CC5-41BF-94BD-BCEAEAE1AF82}.Release|Any CPU.Build.0 = Release|Any CPU
	EndGlobalSection
	GlobalSection(SolutionProperties) = preSolution
		HideSolutionNode = FALSE
	EndGlobalSection
	GlobalSection(ExtensibilityGlobals) = postSolution
		SolutionGuid = {CC673CB8-ECAC-4E8F-AA0F-F35D00F80E24}
	EndGlobalSection
EndGlobal
